
Microsoft Visual Studio Solution File, Format Version 12.00
# Visual Studio Version 17
VisualStudioVersion = 17.6.33829.357
MinimumVisualStudioVersion = 10.0.40219.1
Project("{FAE04EC0-301F-11D3-BF4B-00C04F79EFBC}") = "GorselP2UygulamaOdev", "GorselP2UygulamaOdev\GorselP2UygulamaOdev.csproj", "{DE08B17D-F247-46B5-9606-05DB174B9C3C}"
EndProject
Global
	GlobalSection(SolutionConfigurationPlatforms) = preSolution
		Debug|Any CPU = Debug|Any CPU
		Release|Any CPU = Release|Any CPU
	EndGlobalSection
	GlobalSection(ProjectConfigurationPlatforms) = postSolution
		{DE08B17D-F247-46B5-9606-05DB174B9C3C}.Debug|Any CPU.ActiveCfg = Debug|Any CPU
		{DE08B17D-F247-46B5-9606-05DB174B9C3C}.Debug|Any CPU.Build.0 = Debug|Any CPU
		{DE08B17D-F247-46B5-9606-05DB174B9C3C}.Release|Any CPU.ActiveCfg = Release|Any CPU
		{DE08B17D-F247-46B5-9606-05DB174B9C3C}.Release|Any CPU.Build.0 = Release|Any CPU
	EndGlobalSection
	GlobalSection(SolutionProperties) = preSolution
		HideSolutionNode = FALSE
	EndGlobalSection
	GlobalSection(ExtensibilityGlobals) = postSolution
		SolutionGuid = {FCCFF28E-1719-40F4-B39A-E7B73BE131DF}
	EndGlobalSection
EndGlobal
